





















Microsoft Visual Studio Solution File, Format Version 11.00
# Visual Studio 2008

Project("{705125E2-58ED-2BAA-28F6-E211C34FADA1}") = "VH_Gender_0427", "Assembly-CSharp-vs.csproj", "{41BA93A0-DDD2-62FC-42C0-3A40B7652066}"
EndProject
Project("{705125E2-58ED-2BAA-28F6-E211C34FADA1}") = "VH_Gender_0427", "Assembly-CSharp-Editor-vs.csproj", "{771471DE-2666-E7F4-69F1-220830AA3E81}"
EndProject
Global
	GlobalSection(SolutionConfigurationPlatforms) = preSolution
		Debug|Any CPU = Debug|Any CPU
		Release|Any CPU = Release|Any CPU
	EndGlobalSection
	GlobalSection(ProjectConfigurationPlatforms) = postSolution
		{41BA93A0-DDD2-62FC-42C0-3A40B7652066}.Debug|Any CPU.ActiveCfg = Debug|Any CPU
		{41BA93A0-DDD2-62FC-42C0-3A40B7652066}.Debug|Any CPU.Build.0 = Debug|Any CPU
		{41BA93A0-DDD2-62FC-42C0-3A40B7652066}.Release|Any CPU.ActiveCfg = Release|Any CPU
		{41BA93A0-DDD2-62FC-42C0-3A40B7652066}.Release|Any CPU.Build.0 = Release|Any CPU
		{771471DE-2666-E7F4-69F1-220830AA3E81}.Debug|Any CPU.ActiveCfg = Debug|Any CPU
		{771471DE-2666-E7F4-69F1-220830AA3E81}.Debug|Any CPU.Build.0 = Debug|Any CPU
		{771471DE-2666-E7F4-69F1-220830AA3E81}.Release|Any CPU.ActiveCfg = Release|Any CPU
		{771471DE-2666-E7F4-69F1-220830AA3E81}.Release|Any CPU.Build.0 = Release|Any CPU
	EndGlobalSection
	GlobalSection(SolutionProperties) = preSolution
		HideSolutionNode = FALSE
	EndGlobalSection
																																																													GlobalSection(MonoDevelopProperties) = preSolution
		StartupItem = Assembly-CSharp.csproj
		Policies = $0
		$0.TextStylePolicy = $1
		$1.inheritsSet = null
		$1.scope = text/x-csharp
		$0.CSharpFormattingPolicy = $2
		$2.inheritsSet = Mono
		$2.inheritsScope = text/x-csharp
		$2.scope = text/x-csharp
		$0.TextStylePolicy = $3
		$3.FileWidth = 120
		$3.TabWidth = 4
		$3.IndentWidth = 4
		$3.EolMarker = Windows
		$3.inheritsSet = VisualStudio
		$3.inheritsScope = text/plain
		$3.scope = text/plain
	EndGlobalSection

EndGlobal
